
Microsoft Visual Studio Solution File, Format Version 12.00
# Visual Studio 15
VisualStudioVersion = 15.0.28307.1585
MinimumVisualStudioVersion = 10.0.40219.1
Project("{FAE04EC0-301F-11D3-BF4B-00C04F79EFBC}") = "CovidPassport", "CovidPassport\CovidPassport.csproj", "{1F645A8A-127F-4EC1-AC75-F9550177204E}"
EndProject
Global
	GlobalSection(SolutionConfigurationPlatforms) = preSolution
		Debug|Any CPU = Debug|Any CPU
		Release|Any CPU = Release|Any CPU
	EndGlobalSection
	GlobalSection(ProjectConfigurationPlatforms) = postSolution
		{1F645A8A-127F-4EC1-AC75-F9550177204E}.Debug|Any CPU.ActiveCfg = Debug|Any CPU
		{1F645A8A-127F-4EC1-AC75-F9550177204E}.Debug|Any CPU.Build.0 = Debug|Any CPU
		{1F645A8A-127F-4EC1-AC75-F9550177204E}.Release|Any CPU.ActiveCfg = Release|Any CPU
		{1F645A8A-127F-4EC1-AC75-F9550177204E}.Release|Any CPU.Build.0 = Release|Any CPU
	EndGlobalSection
	GlobalSection(SolutionProperties) = preSolution
		HideSolutionNode = FALSE
	EndGlobalSection
	GlobalSection(ExtensibilityGlobals) = postSolution
		SolutionGuid = {6F9FE6FC-4BB1-4845-99E0-15C4052C0BC9}
	EndGlobalSection
EndGlobal
